// !$*UTF8*$!
{
	archiveVersion = 1;
	classes = {
	};
	objectVersion = 46;
	objects = {

/* Begin PBXBuildFile section */
		717486AA19F60B010096309B /* AppDelegate.swift in Sources */ = {isa = PBXBuildFile; fileRef = 717486A919F60B010096309B /* AppDelegate.swift */; };
		717486AC19F60B010096309B /* ViewController.swift in Sources */ = {isa = PBXBuildFile; fileRef = 717486AB19F60B010096309B /* ViewController.swift */; };
		717486AF19F60B010096309B /* Main.storyboard in Resources */ = {isa = PBXBuildFile; fileRef = 717486AD19F60B010096309B /* Main.storyboard */; };
		717486B119F60B010096309B /* Images.xcassets in Resources */ = {isa = PBXBuildFile; fileRef = 717486B019F60B010096309B /* Images.xcassets */; };
		717486B419F60B010096309B /* LaunchScreen.xib in Resources */ = {isa = PBXBuildFile; fileRef = 717486B219F60B010096309B /* LaunchScreen.xib */; };
		717486C019F60B010096309B /* PostcardTests.swift in Sources */ = {isa = PBXBuildFile; fileRef = 717486BF19F60B010096309B /* PostcardTests.swift */; };
/* End PBXBuildFile section */

/* Begin PBXContainerItemProxy section */
		717486BA19F60B010096309B /* PBXContainerItemProxy */ = {
			isa = PBXContainerItemProxy;
			containerPortal = 7174869C19F60B010096309B /* Project object */;
			proxyType = 1;
			remoteGlobalIDString = 717486A319F60B010096309B;
			remoteInfo = Postcard;
		};
/* End PBXContainerItemProxy section */

/* Begin PBXFileReference section */
		717486A419F60B010096309B /* Postcard.app */ = {isa = PBXFileReference; explicitFileType = wrapper.application; includeInIndex = 0; path = Postcard.app; sourceTree = BUILT_PRODUCTS_DIR; };
		717486A819F60B010096309B /* Info.plist */ = {isa = PBXFileReference; lastKnownFileType = text.plist.xml; path = Info.plist; sourceTree = "<group>"; };
		717486A919F60B010096309B /* AppDelegate.swift */ = {isa = PBXFileReference; lastKnownFileType = sourcecode.swift; path = AppDelegate.swift; sourceTree = "<group>"; };
		717486AB19F60B010096309B /* ViewController.swift */ = {isa = PBXFileReference; lastKnownFileType = sourcecode.swift; path = ViewController.swift; sourceTree = "<group>"; };
		717486AE19F60B010096309B /* Base */ = {isa = PBXFileReference; lastKnownFileType = file.storyboard; name = Base; path = Base.lproj/Main.storyboard; sourceTree = "<group>"; };
		717486B019F60B010096309B /* Images.xcassets */ = {isa = PBXFileReference; lastKnownFileType = folder.assetcatalog; path = Images.xcassets; sourceTree = "<group>"; };
		717486B319F60B010096309B /* Base */ = {isa = PBXFileReference; lastKnownFileType = file.xib; name = Base; path = Base.lproj/LaunchScreen.xib; sourceTree = "<group>"; };
		717486B919F60B010096309B /* PostcardTests.xctest */ = {isa = PBXFileReference; explicitFileType = wrapper.cfbundle; includeInIndex = 0; path = PostcardTests.xctest; sourceTree = BUILT_PRODUCTS_DIR; };
		717486BE19F60B010096309B /* Info.plist */ = {isa = PBXFileReference; lastKnownFileType = text.plist.xml; path = Info.plist; sourceTree = "<group>"; };
		717486BF19F60B010096309B /* PostcardTests.swift */ = {isa = PBXFileReference; lastKnownFileType = sourcecode.swift; path = PostcardTests.swift; sourceTree = "<group>"; };
/* End PBXFileReference section */

/* Begin PBXFrameworksBuildPhase section */
		717486A119F60B010096309B /* Frameworks */ = {
			isa = PBXFrameworksBuildPhase;
			buildActionMask = 2147483647;
			files = (
			);
			runOnlyForDeploymentPostprocessing = 0;
		};
		717486B619F60B010096309B /* Frameworks */ = {
			isa = PBXFrameworksBuildPhase;
			buildActionMask = 2147483647;
			files = (
			);
			runOnlyForDeploymentPostprocessing = 0;
		};
/* End PBXFrameworksBuildPhase section */

/* Begin PBXGroup section */
		7174869B19F60B010096309B = {
			isa = PBXGroup;
			children = (
				717486A619F60B010096309B /* Postcard */,
				717486BC19F60B010096309B /* PostcardTests */,
				717486A519F60B010096309B /* Products */,
			);
			sourceTree = "<group>";
		};
		717486A519F60B010096309B /* Products */ = {
			isa = PBXGroup;
			children = (
				717486A419F60B010096309B /* Postcard.app */,
				717486B919F60B010096309B /* PostcardTests.xctest */,
			);
			name = Products;
			sourceTree = "<group>";
		};
		717486A619F60B010096309B /* Postcard */ = {
			isa = PBXGroup;
			children = (
				717486A919F60B010096309B /* AppDelegate.swift */,
				717486AB19F60B010096309B /* ViewController.swift */,
				717486AD19F60B010096309B /* Main.storyboard */,
				717486B019F60B010096309B /* Images.xcassets */,
				717486B219F60B010096309B /* LaunchScreen.xib */,
				717486A719F60B010096309B /* Supporting Files */,
			);
			path = Postcard;
			sourceTree = "<group>";
		};
		717486A719F60B010096309B /* Supporting Files */ = {
			isa = PBXGroup;
			children = (
				717486A819F60B010096309B /* Info.plist */,
			);
			name = "Supporting Files";
			sourceTree = "<group>";
		};
		717486BC19F60B010096309B /* PostcardTests */ = {
			isa = PBXGroup;
			children = (
				717486BF19F60B010096309B /* PostcardTests.swift */,
				717486BD19F60B010096309B /* Supporting Files */,
			);
			path = PostcardTests;
			sourceTree = "<group>";
		};
		717486BD19F60B010096309B /* Supporting Files */ = {
			isa = PBXGroup;
			children = (
				717486BE19F60B010096309B /* Info.plist */,
			);
			name = "Supporting Files";
			sourceTree = "<group>";
		};
/* End PBXGroup section */

/* Begin PBXNativeTarget section */
		717486A319F60B010096309B /* Postcard */ = {
			isa = PBXNativeTarget;
			buildConfigurationList = 717486C319F60B010096309B /* Build configuration list for PBXNativeTarget "Postcard" */;
			buildPhases = (
				717486A019F60B010096309B /* Sources */,
				717486A119F60B010096309B /* Frameworks */,
				717486A219F60B010096309B /* Resources */,
			);
			buildRules = (
			);
			dependencies = (
			);
			name = Postcard;
			productName = Postcard;
			productReference = 717486A419F60B010096309B /* Postcard.app */;
			productType = "com.apple.product-type.application";
		};
		717486B819F60B010096309B /* PostcardTests */ = {
			isa = PBXNativeTarget;
			buildConfigurationList = 717486C619F60B010096309B /* Build configuration list for PBXNativeTarget "PostcardTests" */;
			buildPhases = (
				717486B519F60B010096309B /* Sources */,
				717486B619F60B010096309B /* Frameworks */,
				717486B719F60B010096309B /* Resources */,
			);
			buildRules = (
			);
			dependencies = (
				717486BB19F60B010096309B /* PBXTargetDependency */,
			);
			name = PostcardTests;
			productName = PostcardTests;
			productReference = 717486B919F60B010096309B /* PostcardTests.xctest */;
			productType = "com.apple.product-type.bundle.unit-test";
		};
/* End PBXNativeTarget section */

/* Begin PBXProject section */
		7174869C19F60B010096309B /* Project object */ = {
			isa = PBXProject;
			attributes = {
				LastUpgradeCheck = 0610;
				ORGANIZATIONNAME = Nurturu;
				TargetAttributes = {
					717486A319F60B010096309B = {
						CreatedOnToolsVersion = 6.1;
					};
					717486B819F60B010096309B = {
						CreatedOnToolsVersion = 6.1;
						TestTargetID = 717486A319F60B010096309B;
					};
				};
			};
			buildConfigurationList = 7174869F19F60B010096309B /* Build configuration list for PBXProject "Postcard" */;
			compatibilityVersion = "Xcode 3.2";
			developmentRegion = English;
			hasScannedForEncodings = 0;
			knownRegions = (
				en,
				Base,
			);
			mainGroup = 7174869B19F60B010096309B;
			productRefGroup = 717486A519F60B010096309B /* Products */;
			projectDirPath = "";
			projectRoot = "";
			targets = (
				717486A319F60B010096309B /* Postcard */,
				717486B819F60B010096309B /* PostcardTests */,
			);
		};
/* End PBXProject section */

/* Begin PBXResourcesBuildPhase section */
		717486A219F60B010096309B /* Resources */ = {
			isa = PBXResourcesBuildPhase;
			buildActionMask = 2147483647;
			files = (
				717486AF19F60B010096309B /* Main.storyboard in Resources */,
				717486B419F60B010096309B /* LaunchScreen.xib in Resources */,
				717486B119F60B010096309B /* Images.xcassets in Resources */,
			);
			runOnlyForDeploymentPostprocessing = 0;
		};
		717486B719F60B010096309B /* Resources */ = {
			isa = PBXResourcesBuildPhase;
			buildActionMask = 2147483647;
			files = (
			);
			runOnlyForDeploymentPostprocessing = 0;
		};
/* End PBXResourcesBuildPhase section */

/* Begin PBXSourcesBuildPhase section */
		717486A019F60B010096309B /* Sources */ = {
			isa = PBXSourcesBuildPhase;
			buildActionMask = 2147483647;
			files = (
				717486AC19F60B010096309B /* ViewController.swift in Sources */,
				717486AA19F60B010096309B /* AppDelegate.swift in Sources */,
			);
			runOnlyForDeploymentPostprocessing = 0;
		};
		717486B519F60B010096309B /* Sources */ = {
			isa = PBXSourcesBuildPhase;
			buildActionMask = 2147483647;
			files = (
				717486C019F60B010096309B /* PostcardTests.swift in Sources */,
			);
			runOnlyForDeploymentPostprocessing = 0;
		};
/* End PBXSourcesBuildPhase section */

/* Begin PBXTargetDependency section */
		717486BB19F60B010096309B /* PBXTargetDependency */ = {
			isa = PBXTargetDependency;
			target = 717486A319F60B010096309B /* Postcard */;
			targetProxy = 717486BA19F60B010096309B /* PBXContainerItemProxy */;
		};
/* End PBXTargetDependency section */

/* Begin PBXVariantGroup section */
		717486AD19F60B010096309B /* Main.storyboard */ = {
			isa = PBXVariantGroup;
			children = (
				717486AE19F60B010096309B /* Base */,
			);
			name = Main.storyboard;
			sourceTree = "<group>";
		};
		717486B219F60B010096309B /* LaunchScreen.xib */ = {
			isa = PBXVariantGroup;
			children = (
				717486B319F60B010096309B /* Base */,
			);
			name = LaunchScreen.xib;
			sourceTree = "<group>";
		};
/* End PBXVariantGroup section */

/* Begin XCBuildConfiguration section */
		717486C119F60B010096309B /* Debug */ = {
			isa = XCBuildConfiguration;
			buildSettings = {
				ALWAYS_SEARCH_USER_PATHS = NO;
				CLANG_CXX_LANGUAGE_STANDARD = "gnu++0x";
				CLANG_CXX_LIBRARY = "libc++";
				CLANG_ENABLE_MODULES = YES;
				CLANG_ENABLE_OBJC_ARC = YES;
				CLANG_WARN_BOOL_CONVERSION = YES;
				CLANG_WARN_CONSTANT_CONVERSION = YES;
				CLANG_WARN_DIRECT_OBJC_ISA_USAGE = YES_ERROR;
				CLANG_WARN_EMPTY_BODY = YES;
				CLANG_WARN_ENUM_CONVERSION = YES;
				CLANG_WARN_INT_CONVERSION = YES;
				CLANG_WARN_OBJC_ROOT_CLASS = YES_ERROR;
				CLANG_WARN_UNREACHABLE_CODE = YES;
				CLANG_WARN__DUPLICATE_METHOD_MATCH = YES;
				"CODE_SIGN_IDENTITY[sdk=iphoneos*]" = "iPhone Developer";
				COPY_PHASE_STRIP = NO;
				ENABLE_STRICT_OBJC_MSGSEND = YES;
				GCC_C_LANGUAGE_STANDARD = gnu99;
				GCC_DYNAMIC_NO_PIC = NO;
				GCC_OPTIMIZATION_LEVEL = 0;
				GCC_PREPROCESSOR_DEFINITIONS = (
					"DEBUG=1",
					"$(inherited)",
				);
				GCC_SYMBOLS_PRIVATE_EXTERN = NO;
				GCC_WARN_64_TO_32_BIT_CONVERSION = YES;
				GCC_WARN_ABOUT_RETURN_TYPE = YES_ERROR;
				GCC_WARN_UNDECLARED_SELECTOR = YES;
				GCC_WARN_UNINITIALIZED_AUTOS = YES_AGGRESSIVE;
				GCC_WARN_UNUSED_FUNCTION = YES;
				GCC_WARN_UNUSED_VARIABLE = YES;
				IPHONEOS_DEPLOYMENT_TARGET = 8.1;
				MTL_ENABLE_DEBUG_INFO = YES;
				ONLY_ACTIVE_ARCH = YES;
				SDKROOT = iphoneos;
				SWIFT_OPTIMIZATION_LEVEL = "-Onone";
				TARGETED_DEVICE_FAMILY = "1,2";
			};
			name = Debug;
		};
		717486C219F60B010096309B /* Release */ = {
			isa = XCBuildConfiguration;
			buildSettings = {
				ALWAYS_SEARCH_USER_PATHS = NO;
				CLANG_CXX_LANGUAGE_STANDARD = "gnu++0x";
				CLANG_CXX_LIBRARY = "libc++";
				CLANG_ENABLE_MODULES = YES;
				CLANG_ENABLE_OBJC_ARC = YES;
				CLANG_WARN_BOOL_CONVERSION = YES;
				CLANG_WARN_CONSTANT_CONVERSION = YES;
				CLANG_WARN_DIRECT_OBJC_ISA_USAGE = YES_ERROR;
				CLANG_WARN_EMPTY_BODY = YES;
				CLANG_WARN_ENUM_CONVERSION = YES;
				CLANG_WARN_INT_CONVERSION = YES;
				CLANG_WARN_OBJC_ROOT_CLASS = YES_ERROR;
				CLANG_WARN_UNREACHABLE_CODE = YES;
				CLANG_WARN__DUPLICATE_METHOD_MATCH = YES;
				"CODE_SIGN_IDENTITY[sdk=iphoneos*]" = "iPhone Developer";
				COPY_PHASE_STRIP = YES;
				ENABLE_NS_ASSERTIONS = NO;
				ENABLE_STRICT_OBJC_MSGSEND = YES;
				GCC_C_LANGUAGE_STANDARD = gnu99;
				GCC_WARN_64_TO_32_BIT_CONVERSION = YES;
				GCC_WARN_ABOUT_RETURN_TYPE = YES_ERROR;
				GCC_WARN_UNDECLARED_SELECTOR = YES;
				GCC_WARN_UNINITIALIZED_AUTOS = YES_AGGRESSIVE;
				GCC_WARN_UNUSED_FUNCTION = YES;
				GCC_WARN_UNUSED_VARIABLE = YES;
				IPHONEOS_DEPLOYMENT_TARGET = 8.1;
				MTL_ENABLE_DEBUG_INFO = NO;
				SDKROOT = iphoneos;
				TARGETED_DEVICE_FAMILY = "1,2";
				VALIDATE_PRODUCT = YES;
			};
			name = Release;
		};
		717486C419F60B010096309B /* Debug */ = {
			isa = XCBuildConfiguration;
			buildSettings = {
				ASSETCATALOG_COMPILER_APPICON_NAME = AppIcon;
				INFOPLIST_FILE = Postcard/Info.plist;
				LD_RUNPATH_SEARCH_PATHS = "$(inherited) @executable_path/Frameworks";
				PRODUCT_NAME = "$(TARGET_NAME)";
			};
			name = Debug;
		};
		717486C519F60B010096309B /* Release */ = {
			isa = XCBuildConfiguration;
			buildSettings = {
				ASSETCATALOG_COMPILER_APPICON_NAME = AppIcon;
				INFOPLIST_FILE = Postcard/Info.plist;
				LD_RUNPATH_SEARCH_PATHS = "$(inherited) @executable_path/Frameworks";
				PRODUCT_NAME = "$(TARGET_NAME)";
			};
			name = Release;
		};
		717486C719F60B010096309B /* Debug */ = {
			isa = XCBuildConfiguration;
			buildSettings = {
				BUNDLE_LOADER = "$(TEST_HOST)";
				FRAMEWORK_SEARCH_PATHS = (
					"$(SDKROOT)/Developer/Library/Frameworks",
					"$(inherited)",
				);
				GCC_PREPROCESSOR_DEFINITIONS = (
					"DEBUG=1",
					"$(inherited)",
				);
				INFOPLIST_FILE = PostcardTests/Info.plist;
				LD_RUNPATH_SEARCH_PATHS = "$(inherited) @executable_path/Frameworks @loader_path/Frameworks";
				PRODUCT_NAME = "$(TARGET_NAME)";
				TEST_HOST = "$(BUILT_PRODUCTS_DIR)/Postcard.app/Postcard";
			};
			name = Debug;
		};
		717486C819F60B010096309B /* Release */ = {
			isa = XCBuildConfiguration;
			buildSettings = {
				BUNDLE_LOADER = "$(TEST_HOST)";
				FRAMEWORK_SEARCH_PATHS = (
					"$(SDKROOT)/Developer/Library/Frameworks",
					"$(inherited)",
				);
				INFOPLIST_FILE = PostcardTests/Info.plist;
				LD_RUNPATH_SEARCH_PATHS = "$(inherited) @executable_path/Frameworks @loader_path/Frameworks";
				PRODUCT_NAME = "$(TARGET_NAME)";
				TEST_HOST = "$(BUILT_PRODUCTS_DIR)/Postcard.app/Postcard";
			};
			name = Release;
		};
/* End XCBuildConfiguration section */

/* Begin XCConfigurationList section */
		7174869F19F60B010096309B /* Build configuration list for PBXProject "Postcard" */ = {
			isa = XCConfigurationList;
			buildConfigurations = (
				717486C119F60B010096309B /* Debug */,
				717486C219F60B010096309B /* Release */,
			);
			defaultConfigurationIsVisible = 0;
			defaultConfigurationName = Release;
		};
		717486C319F60B010096309B /* Build configuration list for PBXNativeTarget "Postcard" */ = {
			isa = XCConfigurationList;
			buildConfigurations = (
				717486C419F60B010096309B /* Debug */,
				717486C519F60B010096309B /* Release */,
			);
			defaultConfigurationIsVisible = 0;
		};
		717486C619F60B010096309B /* Build configuration list for PBXNativeTarget "PostcardTests" */ = {
			isa = XCConfigurationList;
			buildConfigurations = (
				717486C719F60B010096309B /* Debug */,
				717486C819F60B010096309B /* Release */,
			);
			defaultConfigurationIsVisible = 0;
		};
/* End XCConfigurationList section */
	};
	rootObject = 7174869C19F60B010096309B /* Project object */;
}
